
Microsoft Visual Studio Solution File, Format Version 12.00
# Visual Studio 14
VisualStudioVersion = 14.0.24720.0
MinimumVisualStudioVersion = 10.0.40219.1
Project("{FAE04EC0-301F-11D3-BF4B-00C04F79EFBC}") = "TiendaMusica.Web", "TiendaMusica.Web\TiendaMusica.Web.csproj", "{3B84BB5C-94C4-4137-AD78-A4F9F0E9DAF3}"
EndProject
Project("{FAE04EC0-301F-11D3-BF4B-00C04F79EFBC}") = "TiendaMusica.Data", "TiendaMusica.Data\TiendaMusica.Data.csproj", "{EA45D90C-13ED-48D3-9EE3-47433BE7AFC5}"
EndProject
Project("{FAE04EC0-301F-11D3-BF4B-00C04F79EFBC}") = "TiendaMusica.Dominio", "TiendaMusica.Dominio\TiendaMusica.Dominio.csproj", "{61B680BD-8A90-4611-BB3B-F1D20002582B}"
EndProject
Project("{FAE04EC0-301F-11D3-BF4B-00C04F79EFBC}") = "TiendaMusica.Logica", "TiendaMusica.Logica\TiendaMusica.Logica.csproj", "{9454322C-8485-4C2B-A0DE-7E11D27EF729}"
EndProject
Project("{FAE04EC0-301F-11D3-BF4B-00C04F79EFBC}") = "TiendaMusica.Infraestructura", "TiendaMusica.Infraestructura\TiendaMusica.Infraestructura.csproj", "{C2E8FEB9-9C97-4F12-91C3-61AFE9ED5FB0}"
EndProject
Project("{FAE04EC0-301F-11D3-BF4B-00C04F79EFBC}") = "TiendaMusica.Data.EF", "TiendaMusica.Data.EF\TiendaMusica.Data.EF.csproj", "{5CE239D0-60B9-4721-9D05-35C8FC5FBB22}"
EndProject
Project("{FAE04EC0-301F-11D3-BF4B-00C04F79EFBC}") = "TiendaMusica.Data.InsightDB", "TiendaMusica.Data.InsightDB\TiendaMusica.Data.InsightDB.csproj", "{EBFADB77-12F2-4CAE-B678-2A1CE1FEAF63}"
EndProject
Global
	GlobalSection(SolutionConfigurationPlatforms) = preSolution
		Debug|Any CPU = Debug|Any CPU
		Release|Any CPU = Release|Any CPU
	EndGlobalSection
	GlobalSection(ProjectConfigurationPlatforms) = postSolution
		{3B84BB5C-94C4-4137-AD78-A4F9F0E9DAF3}.Debug|Any CPU.ActiveCfg = Debug|Any CPU
		{3B84BB5C-94C4-4137-AD78-A4F9F0E9DAF3}.Debug|Any CPU.Build.0 = Debug|Any CPU
		{3B84BB5C-94C4-4137-AD78-A4F9F0E9DAF3}.Release|Any CPU.ActiveCfg = Release|Any CPU
		{3B84BB5C-94C4-4137-AD78-A4F9F0E9DAF3}.Release|Any CPU.Build.0 = Release|Any CPU
		{EA45D90C-13ED-48D3-9EE3-47433BE7AFC5}.Debug|Any CPU.ActiveCfg = Debug|Any CPU
		{EA45D90C-13ED-48D3-9EE3-47433BE7AFC5}.Debug|Any CPU.Build.0 = Debug|Any CPU
		{EA45D90C-13ED-48D3-9EE3-47433BE7AFC5}.Release|Any CPU.ActiveCfg = Release|Any CPU
		{EA45D90C-13ED-48D3-9EE3-47433BE7AFC5}.Release|Any CPU.Build.0 = Release|Any CPU
		{61B680BD-8A90-4611-BB3B-F1D20002582B}.Debug|Any CPU.ActiveCfg = Debug|Any CPU
		{61B680BD-8A90-4611-BB3B-F1D20002582B}.Debug|Any CPU.Build.0 = Debug|Any CPU
		{61B680BD-8A90-4611-BB3B-F1D20002582B}.Release|Any CPU.ActiveCfg = Release|Any CPU
		{61B680BD-8A90-4611-BB3B-F1D20002582B}.Release|Any CPU.Build.0 = Release|Any CPU
		{9454322C-8485-4C2B-A0DE-7E11D27EF729}.Debug|Any CPU.ActiveCfg = Debug|Any CPU
		{9454322C-8485-4C2B-A0DE-7E11D27EF729}.Debug|Any CPU.Build.0 = Debug|Any CPU
		{9454322C-8485-4C2B-A0DE-7E11D27EF729}.Release|Any CPU.ActiveCfg = Release|Any CPU
		{9454322C-8485-4C2B-A0DE-7E11D27EF729}.Release|Any CPU.Build.0 = Release|Any CPU
		{C2E8FEB9-9C97-4F12-91C3-61AFE9ED5FB0}.Debug|Any CPU.ActiveCfg = Debug|Any CPU
		{C2E8FEB9-9C97-4F12-91C3-61AFE9ED5FB0}.Debug|Any CPU.Build.0 = Debug|Any CPU
		{C2E8FEB9-9C97-4F12-91C3-61AFE9ED5FB0}.Release|Any CPU.ActiveCfg = Release|Any CPU
		{C2E8FEB9-9C97-4F12-91C3-61AFE9ED5FB0}.Release|Any CPU.Build.0 = Release|Any CPU
		{5CE239D0-60B9-4721-9D05-35C8FC5FBB22}.Debug|Any CPU.ActiveCfg = Debug|Any CPU
		{5CE239D0-60B9-4721-9D05-35C8FC5FBB22}.Debug|Any CPU.Build.0 = Debug|Any CPU
		{5CE239D0-60B9-4721-9D05-35C8FC5FBB22}.Release|Any CPU.ActiveCfg = Release|Any CPU
		{5CE239D0-60B9-4721-9D05-35C8FC5FBB22}.Release|Any CPU.Build.0 = Release|Any CPU
		{EBFADB77-12F2-4CAE-B678-2A1CE1FEAF63}.Debug|Any CPU.ActiveCfg = Debug|Any CPU
		{EBFADB77-12F2-4CAE-B678-2A1CE1FEAF63}.Debug|Any CPU.Build.0 = Debug|Any CPU
		{EBFADB77-12F2-4CAE-B678-2A1CE1FEAF63}.Release|Any CPU.ActiveCfg = Release|Any CPU
		{EBFADB77-12F2-4CAE-B678-2A1CE1FEAF63}.Release|Any CPU.Build.0 = Release|Any CPU
	EndGlobalSection
	GlobalSection(SolutionProperties) = preSolution
		HideSolutionNode = FALSE
	EndGlobalSection
EndGlobal
